
Microsoft Visual Studio Solution File, Format Version 12.00
# Visual Studio Version 16
VisualStudioVersion = 16.0.32002.261
MinimumVisualStudioVersion = 10.0.40219.1
Project("{FAE04EC0-301F-11D3-BF4B-00C04F79EFBC}") = "CameraReport", "CameraReport\CameraReport.csproj", "{83F85962-18E7-4389-B2A1-C37D55792374}"
EndProject
Global
	GlobalSection(SolutionConfigurationPlatforms) = preSolution
		Debug|Any CPU = Debug|Any CPU
		Release|Any CPU = Release|Any CPU
	EndGlobalSection
	GlobalSection(ProjectConfigurationPlatforms) = postSolution
		{83F85962-18E7-4389-B2A1-C37D55792374}.Debug|Any CPU.ActiveCfg = Debug|Any CPU
		{83F85962-18E7-4389-B2A1-C37D55792374}.Debug|Any CPU.Build.0 = Debug|Any CPU
		{83F85962-18E7-4389-B2A1-C37D55792374}.Release|Any CPU.ActiveCfg = Release|Any CPU
		{83F85962-18E7-4389-B2A1-C37D55792374}.Release|Any CPU.Build.0 = Release|Any CPU
	EndGlobalSection
	GlobalSection(SolutionProperties) = preSolution
		HideSolutionNode = FALSE
	EndGlobalSection
	GlobalSection(ExtensibilityGlobals) = postSolution
		SolutionGuid = {6AE30C29-75FF-4790-B572-1C101B42DC87}
	EndGlobalSection
EndGlobal
